
Microsoft Visual Studio Solution File, Format Version 12.00
# Visual Studio Version 17
VisualStudioVersion = 17.11.35327.3
MinimumVisualStudioVersion = 10.0.40219.1
Project("{FAE04EC0-301F-11D3-BF4B-00C04F79EFBC}") = "DevFreela.API", "DevFreela.API.csproj", "{DB736A78-F430-48E0-9343-E401CF33D112}"
EndProject
Project("{2150E333-8FDC-42A3-9474-1A3956D46DE8}") = "1 - API", "1 - API", "{85492F41-DC9D-47B7-BA96-532084326AA8}"
EndProject
Project("{2150E333-8FDC-42A3-9474-1A3956D46DE8}") = "3 - CORE", "3 - CORE", "{03451BFB-923C-4F3E-A7A6-ABFEB967202C}"
EndProject
Project("{2150E333-8FDC-42A3-9474-1A3956D46DE8}") = "4 - Infra", "4 - Infra", "{B22EDECD-6957-4483-8D8D-1B3D5BC6B01D}"
EndProject
Project("{2150E333-8FDC-42A3-9474-1A3956D46DE8}") = "2 - Application", "2 - Application", "{FAFAEA83-F55E-4850-848A-0A8DA49F4845}"
EndProject
Project("{FAE04EC0-301F-11D3-BF4B-00C04F79EFBC}") = "DevFreela.Application", "DevFreela.Application\DevFreela.Application.csproj", "{BBA7EAB3-8344-41FB-A79D-846815273BB6}"
EndProject
Project("{FAE04EC0-301F-11D3-BF4B-00C04F79EFBC}") = "DevFreela.Core", "DevFreela.Core\DevFreela.Core.csproj", "{1C105D6F-3BE0-49C4-AB7A-6A74DAE14275}"
EndProject
Project("{FAE04EC0-301F-11D3-BF4B-00C04F79EFBC}") = "DevFreela.Infrastructure", "DevFreela.Infrastructure\DevFreela.Infrastructure.csproj", "{4BFBA10B-D066-4822-8B69-CAE32F5073EF}"
EndProject
Global
	GlobalSection(SolutionConfigurationPlatforms) = preSolution
		Debug|Any CPU = Debug|Any CPU
		Release|Any CPU = Release|Any CPU
	EndGlobalSection
	GlobalSection(ProjectConfigurationPlatforms) = postSolution
		{DB736A78-F430-48E0-9343-E401CF33D112}.Debug|Any CPU.ActiveCfg = Debug|Any CPU
		{DB736A78-F430-48E0-9343-E401CF33D112}.Debug|Any CPU.Build.0 = Debug|Any CPU
		{DB736A78-F430-48E0-9343-E401CF33D112}.Release|Any CPU.ActiveCfg = Release|Any CPU
		{DB736A78-F430-48E0-9343-E401CF33D112}.Release|Any CPU.Build.0 = Release|Any CPU
		{BBA7EAB3-8344-41FB-A79D-846815273BB6}.Debug|Any CPU.ActiveCfg = Debug|Any CPU
		{BBA7EAB3-8344-41FB-A79D-846815273BB6}.Debug|Any CPU.Build.0 = Debug|Any CPU
		{BBA7EAB3-8344-41FB-A79D-846815273BB6}.Release|Any CPU.ActiveCfg = Release|Any CPU
		{BBA7EAB3-8344-41FB-A79D-846815273BB6}.Release|Any CPU.Build.0 = Release|Any CPU
		{1C105D6F-3BE0-49C4-AB7A-6A74DAE14275}.Debug|Any CPU.ActiveCfg = Debug|Any CPU
		{1C105D6F-3BE0-49C4-AB7A-6A74DAE14275}.Debug|Any CPU.Build.0 = Debug|Any CPU
		{1C105D6F-3BE0-49C4-AB7A-6A74DAE14275}.Release|Any CPU.ActiveCfg = Release|Any CPU
		{1C105D6F-3BE0-49C4-AB7A-6A74DAE14275}.Release|Any CPU.Build.0 = Release|Any CPU
		{4BFBA10B-D066-4822-8B69-CAE32F5073EF}.Debug|Any CPU.ActiveCfg = Debug|Any CPU
		{4BFBA10B-D066-4822-8B69-CAE32F5073EF}.Debug|Any CPU.Build.0 = Debug|Any CPU
		{4BFBA10B-D066-4822-8B69-CAE32F5073EF}.Release|Any CPU.ActiveCfg = Release|Any CPU
		{4BFBA10B-D066-4822-8B69-CAE32F5073EF}.Release|Any CPU.Build.0 = Release|Any CPU
	EndGlobalSection
	GlobalSection(SolutionProperties) = preSolution
		HideSolutionNode = FALSE
	EndGlobalSection
	GlobalSection(NestedProjects) = preSolution
		{DB736A78-F430-48E0-9343-E401CF33D112} = {85492F41-DC9D-47B7-BA96-532084326AA8}
		{BBA7EAB3-8344-41FB-A79D-846815273BB6} = {FAFAEA83-F55E-4850-848A-0A8DA49F4845}
		{1C105D6F-3BE0-49C4-AB7A-6A74DAE14275} = {03451BFB-923C-4F3E-A7A6-ABFEB967202C}
		{4BFBA10B-D066-4822-8B69-CAE32F5073EF} = {B22EDECD-6957-4483-8D8D-1B3D5BC6B01D}
	EndGlobalSection
	GlobalSection(ExtensibilityGlobals) = postSolution
		SolutionGuid = {DC2D5676-8A8E-4229-997F-A7828B631A31}
	EndGlobalSection
EndGlobal
